
Microsoft Visual Studio Solution File, Format Version 12.00
# Visual Studio Version 17
VisualStudioVersion = 17.11.35312.102
MinimumVisualStudioVersion = 10.0.40219.1
Project("{2150E333-8FDC-42A3-9474-1A3956D46DE8}") = "Task0", "Task0", "{641FC8BB-A640-452B-81FD-6DBA2408BFB9}"
EndProject
Project("{2150E333-8FDC-42A3-9474-1A3956D46DE8}") = "Task1", "Task1", "{FA2280D7-B533-4682-B742-C9DDC9DDED60}"
EndProject
Project("{2150E333-8FDC-42A3-9474-1A3956D46DE8}") = "Task2", "Task2", "{BA0B74EE-8527-4C43-AF15-43DE55FA42FA}"
EndProject
Project("{2150E333-8FDC-42A3-9474-1A3956D46DE8}") = "Task4", "Task4", "{342EEEE2-B5BA-43BF-861B-6DDC702B91E1}"
EndProject
Project("{2150E333-8FDC-42A3-9474-1A3956D46DE8}") = "Task3", "Task3", "{0E8C8819-6F98-441F-8D7B-EBB791B2FB5C}"
EndProject
Project("{2150E333-8FDC-42A3-9474-1A3956D46DE8}") = "Task5", "Task5", "{565380E5-C48D-4CD1-BAC4-3F0B724CF71B}"
EndProject
Project("{2150E333-8FDC-42A3-9474-1A3956D46DE8}") = "Task6", "Task6", "{C488EF80-17E1-44BF-9E41-FA051EEA5B8E}"
EndProject
Project("{2150E333-8FDC-42A3-9474-1A3956D46DE8}") = "Task7", "Task7", "{24A33622-CC31-4CFF-913C-BEC6CEE56D33}"
EndProject
Project("{FAE04EC0-301F-11D3-BF4B-00C04F79EFBC}") = "Tyuiu.MasalimovTR.Sprint3.Task0.V7", "Tyuiu.MasalimovTR.Sprint3.Task0.V7\Tyuiu.MasalimovTR.Sprint3.Task0.V7.csproj", "{BBF2A0BF-370F-4399-A728-99361A784401}"
EndProject
Project("{FAE04EC0-301F-11D3-BF4B-00C04F79EFBC}") = "Tyuiu.MasalimovTR.Sprint3.Task0.V7.Test", "Tyuiu.MasalimovTR.Sprint3.Task0.V7.Test\Tyuiu.MasalimovTR.Sprint3.Task0.V7.Test.csproj", "{933C45F8-C422-4B44-A965-6B7533031768}"
EndProject
Project("{FAE04EC0-301F-11D3-BF4B-00C04F79EFBC}") = "Tyuiu.MasalimovTR.Sprint3.Task0.V7.Lib", "Tyuiu.MasalimovTR.Sprint3.Task0.V7.Lib\Tyuiu.MasalimovTR.Sprint3.Task0.V7.Lib.csproj", "{412172D9-B481-4A1B-A231-10A34847FCAC}"
EndProject
Project("{FAE04EC0-301F-11D3-BF4B-00C04F79EFBC}") = "Tyuiu.MasalimovTR.Sprint3.Task1.V26", "Tyuiu.MasalimovTR.Sprint3.Task1.V26\Tyuiu.MasalimovTR.Sprint3.Task1.V26.csproj", "{1FB95205-DF3F-4755-825F-186CC5FF37C9}"
EndProject
Project("{FAE04EC0-301F-11D3-BF4B-00C04F79EFBC}") = "Tyuiu.MasalimovTR.Sprint3.Task1.V26.Lib", "Tyuiu.MasalimovTR.Sprint3.Task1.V26.Lib\Tyuiu.MasalimovTR.Sprint3.Task1.V26.Lib.csproj", "{B709A437-C224-4294-973C-DAC5256D246D}"
EndProject
Project("{FAE04EC0-301F-11D3-BF4B-00C04F79EFBC}") = "Tyuiu.MasalimovTR.Sprint3.Task1.V26.Test", "Tyuiu.MasalimovTR.Sprint3.Task1.V26.Test\Tyuiu.MasalimovTR.Sprint3.Task1.V26.Test.csproj", "{C90E2398-45B6-460A-9FF7-3AB9F7ABBF1B}"
EndProject
Project("{FAE04EC0-301F-11D3-BF4B-00C04F79EFBC}") = "Tyuiu.MasalimovTR.Sprint3.Task2.V12", "Tyuiu.MasalimovTR.Sprint3.Task2.V12\Tyuiu.MasalimovTR.Sprint3.Task2.V12.csproj", "{4181F0DA-E062-4448-8164-2BAEBC65AE29}"
EndProject
Project("{FAE04EC0-301F-11D3-BF4B-00C04F79EFBC}") = "Tyuiu.MasalimovTR.Sprint3.Task2.V12.Test", "Tyuiu.MasalimovTR.Sprint3.Task2.V12.Test\Tyuiu.MasalimovTR.Sprint3.Task2.V12.Test.csproj", "{51E54C92-7AAB-49B7-8199-983C9CAABDC1}"
EndProject
Project("{FAE04EC0-301F-11D3-BF4B-00C04F79EFBC}") = "Tyuiu.MasalimovTR.Sprint3.Task2.V12.Lib", "Tyuiu.MasalimovTR.Sprint3.Task2.V12.Lib\Tyuiu.MasalimovTR.Sprint3.Task2.V12.Lib.csproj", "{7C4ACBE5-26AC-47CC-8A31-801DD6ED03BB}"
EndProject
Project("{FAE04EC0-301F-11D3-BF4B-00C04F79EFBC}") = "Tyuiu.MasalimovTR.Sprint3.Task3.V14", "Tyuiu.MasalimovTR.Sprint3.Task3.V14\Tyuiu.MasalimovTR.Sprint3.Task3.V14.csproj", "{A9BFF28B-28D4-4E80-BF7C-6AF4B0AE2FC8}"
EndProject
Project("{FAE04EC0-301F-11D3-BF4B-00C04F79EFBC}") = "Tyuiu.MasalimovTR.Sprint3.Task3.V14.Lib", "Tyuiu.MasalimovTR.Sprint3.Task3.V14.Lib\Tyuiu.MasalimovTR.Sprint3.Task3.V14.Lib.csproj", "{0F7B9447-CC6B-43EA-A1FC-4720116E53B0}"
EndProject
Project("{FAE04EC0-301F-11D3-BF4B-00C04F79EFBC}") = "Tyuiu.MasalimovTR.Sprint3.Task3.V14.Test", "Tyuiu.MasalimovTR.Sprint3.Task3.V14.Test\Tyuiu.MasalimovTR.Sprint3.Task3.V14.Test.csproj", "{595C45C5-135B-41E0-AF46-7C61D43DE1EF}"
EndProject
Project("{FAE04EC0-301F-11D3-BF4B-00C04F79EFBC}") = "Tyuiu.MasalimovTR.Sprint3.Task4.V25", "Tyuiu.MasalimovTR.Sprint3.Task4.V25\Tyuiu.MasalimovTR.Sprint3.Task4.V25.csproj", "{E17AB46D-6B95-4107-ABBE-C16BC490F43B}"
EndProject
Project("{FAE04EC0-301F-11D3-BF4B-00C04F79EFBC}") = "Tyuiu.MasalimovTR.Sprint3.Task4.V25.Test", "Tyuiu.MasalimovTR.Sprint3.Task4.V25.Test\Tyuiu.MasalimovTR.Sprint3.Task4.V25.Test.csproj", "{8E9E70F3-4D40-4633-807A-8BE261B3FDD6}"
EndProject
Project("{FAE04EC0-301F-11D3-BF4B-00C04F79EFBC}") = "Tyuiu.MasalimovTR.Sprint3.Task4.V25.Lib", "Tyuiu.MasalimovTR.Sprint3.Task4.V25.Lib\Tyuiu.MasalimovTR.Sprint3.Task4.V25.Lib.csproj", "{6BA01271-CA9E-4AD5-9DB1-3733166C1777}"
EndProject
Project("{FAE04EC0-301F-11D3-BF4B-00C04F79EFBC}") = "Tyuiu.MasalimovTR.Sprint3.Task5.V11", "Tyuiu.MasalimovTR.Sprint3.Task5.V11\Tyuiu.MasalimovTR.Sprint3.Task5.V11.csproj", "{25309BF5-7889-4AF2-A66A-511FCFB6D339}"
EndProject
Project("{FAE04EC0-301F-11D3-BF4B-00C04F79EFBC}") = "Tyuiu.MasalimovTR.Sprint3.Task5.V11.Lib", "Tyuiu.MasalimovTR.Sprint3.Task5.V11.Lib\Tyuiu.MasalimovTR.Sprint3.Task5.V11.Lib.csproj", "{50508014-6F54-4967-BA16-645C04FB8631}"
EndProject
Project("{FAE04EC0-301F-11D3-BF4B-00C04F79EFBC}") = "Tyuiu.MasalimovTR.Sprint3.Task5.V11.Test", "Tyuiu.MasalimovTR.Sprint3.Task5.V11.Test\Tyuiu.MasalimovTR.Sprint3.Task5.V11.Test.csproj", "{3273F9B8-C64E-409D-BB19-EB587B271CB3}"
EndProject
Project("{FAE04EC0-301F-11D3-BF4B-00C04F79EFBC}") = "Tyuiu.MasalimovTR.Sprint3.Task6.V30", "Tyuiu.MasalimovTR.Sprint3.Task6.V30\Tyuiu.MasalimovTR.Sprint3.Task6.V30.csproj", "{70372B2B-47DA-419A-99EC-00ADCC459B85}"
EndProject
Project("{FAE04EC0-301F-11D3-BF4B-00C04F79EFBC}") = "Tyuiu.MasalimovTR.Sprint3.Task6.V30.Test", "Tyuiu.MasalimovTR.Sprint3.Task6.V30.Test\Tyuiu.MasalimovTR.Sprint3.Task6.V30.Test.csproj", "{908426DF-593D-4E1E-8774-F3825252EE49}"
EndProject
Project("{FAE04EC0-301F-11D3-BF4B-00C04F79EFBC}") = "Tyuiu.MasalimovTR.Sprint3.Task6.V30.Lib", "Tyuiu.MasalimovTR.Sprint3.Task6.V30.Lib\Tyuiu.MasalimovTR.Sprint3.Task6.V30.Lib.csproj", "{5158B669-B2BA-4922-BFDF-C3D340C43FCA}"
EndProject
Project("{FAE04EC0-301F-11D3-BF4B-00C04F79EFBC}") = "Tyuiu.MasalimovTR.Sprint3.Task7.V24", "Tyuiu.MasalimovTR.Sprint3.Task7.V24\Tyuiu.MasalimovTR.Sprint3.Task7.V24.csproj", "{E20E9775-738A-47C8-8FF8-B7B3286D8F5B}"
EndProject
Project("{FAE04EC0-301F-11D3-BF4B-00C04F79EFBC}") = "Tyuiu.MasalimovTR.Sprint3.Task7.V24.Lib", "Tyuiu.MasalimovTR.Sprint3.Task7.V24.Lib\Tyuiu.MasalimovTR.Sprint3.Task7.V24.Lib.csproj", "{BA5D053E-4F6F-4E0D-A9D7-745EC4AF3E5D}"
EndProject
Project("{FAE04EC0-301F-11D3-BF4B-00C04F79EFBC}") = "Tyuiu.MasalimovTR.Sprint3.Task7.V24.Test", "Tyuiu.MasalimovTR.Sprint3.Task7.V24.Test\Tyuiu.MasalimovTR.Sprint3.Task7.V24.Test.csproj", "{7B2C666D-F677-46B1-864E-A33FEAF9DBCB}"
EndProject
Global
	GlobalSection(SolutionConfigurationPlatforms) = preSolution
		Debug|Any CPU = Debug|Any CPU
		Release|Any CPU = Release|Any CPU
	EndGlobalSection
	GlobalSection(ProjectConfigurationPlatforms) = postSolution
		{BBF2A0BF-370F-4399-A728-99361A784401}.Debug|Any CPU.ActiveCfg = Debug|Any CPU
		{BBF2A0BF-370F-4399-A728-99361A784401}.Debug|Any CPU.Build.0 = Debug|Any CPU
		{BBF2A0BF-370F-4399-A728-99361A784401}.Release|Any CPU.ActiveCfg = Release|Any CPU
		{BBF2A0BF-370F-4399-A728-99361A784401}.Release|Any CPU.Build.0 = Release|Any CPU
		{933C45F8-C422-4B44-A965-6B7533031768}.Debug|Any CPU.ActiveCfg = Debug|Any CPU
		{933C45F8-C422-4B44-A965-6B7533031768}.Debug|Any CPU.Build.0 = Debug|Any CPU
		{933C45F8-C422-4B44-A965-6B7533031768}.Release|Any CPU.ActiveCfg = Release|Any CPU
		{933C45F8-C422-4B44-A965-6B7533031768}.Release|Any CPU.Build.0 = Release|Any CPU
		{412172D9-B481-4A1B-A231-10A34847FCAC}.Debug|Any CPU.ActiveCfg = Debug|Any CPU
		{412172D9-B481-4A1B-A231-10A34847FCAC}.Debug|Any CPU.Build.0 = Debug|Any CPU
		{412172D9-B481-4A1B-A231-10A34847FCAC}.Release|Any CPU.ActiveCfg = Release|Any CPU
		{412172D9-B481-4A1B-A231-10A34847FCAC}.Release|Any CPU.Build.0 = Release|Any CPU
		{1FB95205-DF3F-4755-825F-186CC5FF37C9}.Debug|Any CPU.ActiveCfg = Debug|Any CPU
		{1FB95205-DF3F-4755-825F-186CC5FF37C9}.Debug|Any CPU.Build.0 = Debug|Any CPU
		{1FB95205-DF3F-4755-825F-186CC5FF37C9}.Release|Any CPU.ActiveCfg = Release|Any CPU
		{1FB95205-DF3F-4755-825F-186CC5FF37C9}.Release|Any CPU.Build.0 = Release|Any CPU
		{B709A437-C224-4294-973C-DAC5256D246D}.Debug|Any CPU.ActiveCfg = Debug|Any CPU
		{B709A437-C224-4294-973C-DAC5256D246D}.Debug|Any CPU.Build.0 = Debug|Any CPU
		{B709A437-C224-4294-973C-DAC5256D246D}.Release|Any CPU.ActiveCfg = Release|Any CPU
		{B709A437-C224-4294-973C-DAC5256D246D}.Release|Any CPU.Build.0 = Release|Any CPU
		{C90E2398-45B6-460A-9FF7-3AB9F7ABBF1B}.Debug|Any CPU.ActiveCfg = Debug|Any CPU
		{C90E2398-45B6-460A-9FF7-3AB9F7ABBF1B}.Debug|Any CPU.Build.0 = Debug|Any CPU
		{C90E2398-45B6-460A-9FF7-3AB9F7ABBF1B}.Release|Any CPU.ActiveCfg = Release|Any CPU
		{C90E2398-45B6-460A-9FF7-3AB9F7ABBF1B}.Release|Any CPU.Build.0 = Release|Any CPU
		{4181F0DA-E062-4448-8164-2BAEBC65AE29}.Debug|Any CPU.ActiveCfg = Debug|Any CPU
		{4181F0DA-E062-4448-8164-2BAEBC65AE29}.Debug|Any CPU.Build.0 = Debug|Any CPU
		{4181F0DA-E062-4448-8164-2BAEBC65AE29}.Release|Any CPU.ActiveCfg = Release|Any CPU
		{4181F0DA-E062-4448-8164-2BAEBC65AE29}.Release|Any CPU.Build.0 = Release|Any CPU
		{51E54C92-7AAB-49B7-8199-983C9CAABDC1}.Debug|Any CPU.ActiveCfg = Debug|Any CPU
		{51E54C92-7AAB-49B7-8199-983C9CAABDC1}.Debug|Any CPU.Build.0 = Debug|Any CPU
		{51E54C92-7AAB-49B7-8199-983C9CAABDC1}.Release|Any CPU.ActiveCfg = Release|Any CPU
		{51E54C92-7AAB-49B7-8199-983C9CAABDC1}.Release|Any CPU.Build.0 = Release|Any CPU
		{7C4ACBE5-26AC-47CC-8A31-801DD6ED03BB}.Debug|Any CPU.ActiveCfg = Debug|Any CPU
		{7C4ACBE5-26AC-47CC-8A31-801DD6ED03BB}.Debug|Any CPU.Build.0 = Debug|Any CPU
		{7C4ACBE5-26AC-47CC-8A31-801DD6ED03BB}.Release|Any CPU.ActiveCfg = Release|Any CPU
		{7C4ACBE5-26AC-47CC-8A31-801DD6ED03BB}.Release|Any CPU.Build.0 = Release|Any CPU
		{A9BFF28B-28D4-4E80-BF7C-6AF4B0AE2FC8}.Debug|Any CPU.ActiveCfg = Debug|Any CPU
		{A9BFF28B-28D4-4E80-BF7C-6AF4B0AE2FC8}.Debug|Any CPU.Build.0 = Debug|Any CPU
		{A9BFF28B-28D4-4E80-BF7C-6AF4B0AE2FC8}.Release|Any CPU.ActiveCfg = Release|Any CPU
		{A9BFF28B-28D4-4E80-BF7C-6AF4B0AE2FC8}.Release|Any CPU.Build.0 = Release|Any CPU
		{0F7B9447-CC6B-43EA-A1FC-4720116E53B0}.Debug|Any CPU.ActiveCfg = Debug|Any CPU
		{0F7B9447-CC6B-43EA-A1FC-4720116E53B0}.Debug|Any CPU.Build.0 = Debug|Any CPU
		{0F7B9447-CC6B-43EA-A1FC-4720116E53B0}.Release|Any CPU.ActiveCfg = Release|Any CPU
		{0F7B9447-CC6B-43EA-A1FC-4720116E53B0}.Release|Any CPU.Build.0 = Release|Any CPU
		{595C45C5-135B-41E0-AF46-7C61D43DE1EF}.Debug|Any CPU.ActiveCfg = Debug|Any CPU
		{595C45C5-135B-41E0-AF46-7C61D43DE1EF}.Debug|Any CPU.Build.0 = Debug|Any CPU
		{595C45C5-135B-41E0-AF46-7C61D43DE1EF}.Release|Any CPU.ActiveCfg = Release|Any CPU
		{595C45C5-135B-41E0-AF46-7C61D43DE1EF}.Release|Any CPU.Build.0 = Release|Any CPU
		{E17AB46D-6B95-4107-ABBE-C16BC490F43B}.Debug|Any CPU.ActiveCfg = Debug|Any CPU
		{E17AB46D-6B95-4107-ABBE-C16BC490F43B}.Debug|Any CPU.Build.0 = Debug|Any CPU
		{E17AB46D-6B95-4107-ABBE-C16BC490F43B}.Release|Any CPU.ActiveCfg = Release|Any CPU
		{E17AB46D-6B95-4107-ABBE-C16BC490F43B}.Release|Any CPU.Build.0 = Release|Any CPU
		{8E9E70F3-4D40-4633-807A-8BE261B3FDD6}.Debug|Any CPU.ActiveCfg = Debug|Any CPU
		{8E9E70F3-4D40-4633-807A-8BE261B3FDD6}.Debug|Any CPU.Build.0 = Debug|Any CPU
		{8E9E70F3-4D40-4633-807A-8BE261B3FDD6}.Release|Any CPU.ActiveCfg = Release|Any CPU
		{8E9E70F3-4D40-4633-807A-8BE261B3FDD6}.Release|Any CPU.Build.0 = Release|Any CPU
		{6BA01271-CA9E-4AD5-9DB1-3733166C1777}.Debug|Any CPU.ActiveCfg = Debug|Any CPU
		{6BA01271-CA9E-4AD5-9DB1-3733166C1777}.Debug|Any CPU.Build.0 = Debug|Any CPU
		{6BA01271-CA9E-4AD5-9DB1-3733166C1777}.Release|Any CPU.ActiveCfg = Release|Any CPU
		{6BA01271-CA9E-4AD5-9DB1-3733166C1777}.Release|Any CPU.Build.0 = Release|Any CPU
		{25309BF5-7889-4AF2-A66A-511FCFB6D339}.Debug|Any CPU.ActiveCfg = Debug|Any CPU
		{25309BF5-7889-4AF2-A66A-511FCFB6D339}.Debug|Any CPU.Build.0 = Debug|Any CPU
		{25309BF5-7889-4AF2-A66A-511FCFB6D339}.Release|Any CPU.ActiveCfg = Release|Any CPU
		{25309BF5-7889-4AF2-A66A-511FCFB6D339}.Release|Any CPU.Build.0 = Release|Any CPU
		{50508014-6F54-4967-BA16-645C04FB8631}.Debug|Any CPU.ActiveCfg = Debug|Any CPU
		{50508014-6F54-4967-BA16-645C04FB8631}.Debug|Any CPU.Build.0 = Debug|Any CPU
		{50508014-6F54-4967-BA16-645C04FB8631}.Release|Any CPU.ActiveCfg = Release|Any CPU
		{50508014-6F54-4967-BA16-645C04FB8631}.Release|Any CPU.Build.0 = Release|Any CPU
		{3273F9B8-C64E-409D-BB19-EB587B271CB3}.Debug|Any CPU.ActiveCfg = Debug|Any CPU
		{3273F9B8-C64E-409D-BB19-EB587B271CB3}.Debug|Any CPU.Build.0 = Debug|Any CPU
		{3273F9B8-C64E-409D-BB19-EB587B271CB3}.Release|Any CPU.ActiveCfg = Release|Any CPU
		{3273F9B8-C64E-409D-BB19-EB587B271CB3}.Release|Any CPU.Build.0 = Release|Any CPU
		{70372B2B-47DA-419A-99EC-00ADCC459B85}.Debug|Any CPU.ActiveCfg = Debug|Any CPU
		{70372B2B-47DA-419A-99EC-00ADCC459B85}.Debug|Any CPU.Build.0 = Debug|Any CPU
		{70372B2B-47DA-419A-99EC-00ADCC459B85}.Release|Any CPU.ActiveCfg = Release|Any CPU
		{70372B2B-47DA-419A-99EC-00ADCC459B85}.Release|Any CPU.Build.0 = Release|Any CPU
		{908426DF-593D-4E1E-8774-F3825252EE49}.Debug|Any CPU.ActiveCfg = Debug|Any CPU
		{908426DF-593D-4E1E-8774-F3825252EE49}.Debug|Any CPU.Build.0 = Debug|Any CPU
		{908426DF-593D-4E1E-8774-F3825252EE49}.Release|Any CPU.ActiveCfg = Release|Any CPU
		{908426DF-593D-4E1E-8774-F3825252EE49}.Release|Any CPU.Build.0 = Release|Any CPU
		{5158B669-B2BA-4922-BFDF-C3D340C43FCA}.Debug|Any CPU.ActiveCfg = Debug|Any CPU
		{5158B669-B2BA-4922-BFDF-C3D340C43FCA}.Debug|Any CPU.Build.0 = Debug|Any CPU
		{5158B669-B2BA-4922-BFDF-C3D340C43FCA}.Release|Any CPU.ActiveCfg = Release|Any CPU
		{5158B669-B2BA-4922-BFDF-C3D340C43FCA}.Release|Any CPU.Build.0 = Release|Any CPU
		{E20E9775-738A-47C8-8FF8-B7B3286D8F5B}.Debug|Any CPU.ActiveCfg = Debug|Any CPU
		{E20E9775-738A-47C8-8FF8-B7B3286D8F5B}.Debug|Any CPU.Build.0 = Debug|Any CPU
		{E20E9775-738A-47C8-8FF8-B7B3286D8F5B}.Release|Any CPU.ActiveCfg = Release|Any CPU
		{E20E9775-738A-47C8-8FF8-B7B3286D8F5B}.Release|Any CPU.Build.0 = Release|Any CPU
		{BA5D053E-4F6F-4E0D-A9D7-745EC4AF3E5D}.Debug|Any CPU.ActiveCfg = Debug|Any CPU
		{BA5D053E-4F6F-4E0D-A9D7-745EC4AF3E5D}.Debug|Any CPU.Build.0 = Debug|Any CPU
		{BA5D053E-4F6F-4E0D-A9D7-745EC4AF3E5D}.Release|Any CPU.ActiveCfg = Release|Any CPU
		{BA5D053E-4F6F-4E0D-A9D7-745EC4AF3E5D}.Release|Any CPU.Build.0 = Release|Any CPU
		{7B2C666D-F677-46B1-864E-A33FEAF9DBCB}.Debug|Any CPU.ActiveCfg = Debug|Any CPU
		{7B2C666D-F677-46B1-864E-A33FEAF9DBCB}.Debug|Any CPU.Build.0 = Debug|Any CPU
		{7B2C666D-F677-46B1-864E-A33FEAF9DBCB}.Release|Any CPU.ActiveCfg = Release|Any CPU
		{7B2C666D-F677-46B1-864E-A33FEAF9DBCB}.Release|Any CPU.Build.0 = Release|Any CPU
	EndGlobalSection
	GlobalSection(SolutionProperties) = preSolution
		HideSolutionNode = FALSE
	EndGlobalSection
	GlobalSection(NestedProjects) = preSolution
		{BBF2A0BF-370F-4399-A728-99361A784401} = {641FC8BB-A640-452B-81FD-6DBA2408BFB9}
		{933C45F8-C422-4B44-A965-6B7533031768} = {641FC8BB-A640-452B-81FD-6DBA2408BFB9}
		{412172D9-B481-4A1B-A231-10A34847FCAC} = {641FC8BB-A640-452B-81FD-6DBA2408BFB9}
		{1FB95205-DF3F-4755-825F-186CC5FF37C9} = {FA2280D7-B533-4682-B742-C9DDC9DDED60}
		{B709A437-C224-4294-973C-DAC5256D246D} = {FA2280D7-B533-4682-B742-C9DDC9DDED60}
		{C90E2398-45B6-460A-9FF7-3AB9F7ABBF1B} = {FA2280D7-B533-4682-B742-C9DDC9DDED60}
		{4181F0DA-E062-4448-8164-2BAEBC65AE29} = {BA0B74EE-8527-4C43-AF15-43DE55FA42FA}
		{51E54C92-7AAB-49B7-8199-983C9CAABDC1} = {BA0B74EE-8527-4C43-AF15-43DE55FA42FA}
		{7C4ACBE5-26AC-47CC-8A31-801DD6ED03BB} = {BA0B74EE-8527-4C43-AF15-43DE55FA42FA}
		{A9BFF28B-28D4-4E80-BF7C-6AF4B0AE2FC8} = {0E8C8819-6F98-441F-8D7B-EBB791B2FB5C}
		{0F7B9447-CC6B-43EA-A1FC-4720116E53B0} = {0E8C8819-6F98-441F-8D7B-EBB791B2FB5C}
		{595C45C5-135B-41E0-AF46-7C61D43DE1EF} = {0E8C8819-6F98-441F-8D7B-EBB791B2FB5C}
		{E17AB46D-6B95-4107-ABBE-C16BC490F43B} = {342EEEE2-B5BA-43BF-861B-6DDC702B91E1}
		{8E9E70F3-4D40-4633-807A-8BE261B3FDD6} = {342EEEE2-B5BA-43BF-861B-6DDC702B91E1}
		{6BA01271-CA9E-4AD5-9DB1-3733166C1777} = {342EEEE2-B5BA-43BF-861B-6DDC702B91E1}
		{25309BF5-7889-4AF2-A66A-511FCFB6D339} = {565380E5-C48D-4CD1-BAC4-3F0B724CF71B}
		{50508014-6F54-4967-BA16-645C04FB8631} = {565380E5-C48D-4CD1-BAC4-3F0B724CF71B}
		{3273F9B8-C64E-409D-BB19-EB587B271CB3} = {565380E5-C48D-4CD1-BAC4-3F0B724CF71B}
		{70372B2B-47DA-419A-99EC-00ADCC459B85} = {C488EF80-17E1-44BF-9E41-FA051EEA5B8E}
		{908426DF-593D-4E1E-8774-F3825252EE49} = {C488EF80-17E1-44BF-9E41-FA051EEA5B8E}
		{5158B669-B2BA-4922-BFDF-C3D340C43FCA} = {C488EF80-17E1-44BF-9E41-FA051EEA5B8E}
		{E20E9775-738A-47C8-8FF8-B7B3286D8F5B} = {24A33622-CC31-4CFF-913C-BEC6CEE56D33}
		{BA5D053E-4F6F-4E0D-A9D7-745EC4AF3E5D} = {24A33622-CC31-4CFF-913C-BEC6CEE56D33}
		{7B2C666D-F677-46B1-864E-A33FEAF9DBCB} = {24A33622-CC31-4CFF-913C-BEC6CEE56D33}
	EndGlobalSection
	GlobalSection(ExtensibilityGlobals) = postSolution
		SolutionGuid = {1B4FF533-45AA-4072-9339-1A1DBF432563}
	EndGlobalSection
EndGlobal
